// !$*UTF8*$!
{
	archiveVersion = 1;
	classes = {
	};
	objectVersion = 46;
	objects = {

/* Begin PBXBuildFile section */
		A40E92171716F19000129758 /* UIKit.framework in Frameworks */ = {isa = PBXBuildFile; fileRef = A40E92161716F19000129758 /* UIKit.framework */; };
		A40E92191716F19000129758 /* Foundation.framework in Frameworks */ = {isa = PBXBuildFile; fileRef = A40E92181716F19000129758 /* Foundation.framework */; };
		A40E921B1716F19000129758 /* CoreGraphics.framework in Frameworks */ = {isa = PBXBuildFile; fileRef = A40E921A1716F19000129758 /* CoreGraphics.framework */; };
		A40E92211716F19000129758 /* InfoPlist.strings in Resources */ = {isa = PBXBuildFile; fileRef = A40E921F1716F19000129758 /* InfoPlist.strings */; };
		A40E92231716F19000129758 /* main.m in Sources */ = {isa = PBXBuildFile; fileRef = A40E92221716F19000129758 /* main.m */; };
		A40E92271716F19000129758 /* BIDAppDelegate.m in Sources */ = {isa = PBXBuildFile; fileRef = A40E92261716F19000129758 /* BIDAppDelegate.m */; };
		A40E92291716F19000129758 /* Default.png in Resources */ = {isa = PBXBuildFile; fileRef = A40E92281716F19000129758 /* Default.png */; };
		A40E922B1716F19000129758 /* Default@2x.png in Resources */ = {isa = PBXBuildFile; fileRef = A40E922A1716F19000129758 /* Default@2x.png */; };
		A40E922D1716F19100129758 /* Default-568h@2x.png in Resources */ = {isa = PBXBuildFile; fileRef = A40E922C1716F19100129758 /* Default-568h@2x.png */; };
		A40E92421716F27500129758 /* BIDCustomPickerViewController.m in Sources */ = {isa = PBXBuildFile; fileRef = A40E92341716F27500129758 /* BIDCustomPickerViewController.m */; };
		A40E92431716F27500129758 /* BIDCustomPickerViewController.xib in Resources */ = {isa = PBXBuildFile; fileRef = A40E92351716F27500129758 /* BIDCustomPickerViewController.xib */; };
		A40E92441716F27500129758 /* BIDDatePickerViewController.m in Sources */ = {isa = PBXBuildFile; fileRef = A40E92371716F27500129758 /* BIDDatePickerViewController.m */; };
		A40E92451716F27500129758 /* BIDDatePickerViewController.xib in Resources */ = {isa = PBXBuildFile; fileRef = A40E92381716F27500129758 /* BIDDatePickerViewController.xib */; };
		A40E92461716F27500129758 /* BIDDependentComponentPickerViewController.m in Sources */ = {isa = PBXBuildFile; fileRef = A40E923A1716F27500129758 /* BIDDependentComponentPickerViewController.m */; };
		A40E92471716F27500129758 /* BIDDependentComponentPickerViewController.xib in Resources */ = {isa = PBXBuildFile; fileRef = A40E923B1716F27500129758 /* BIDDependentComponentPickerViewController.xib */; };
		A40E92481716F27500129758 /* BIDDoubleComponentPickerViewController.m in Sources */ = {isa = PBXBuildFile; fileRef = A40E923D1716F27500129758 /* BIDDoubleComponentPickerViewController.m */; };
		A40E92491716F27500129758 /* BIDDoubleComponentPickerViewController.xib in Resources */ = {isa = PBXBuildFile; fileRef = A40E923E1716F27500129758 /* BIDDoubleComponentPickerViewController.xib */; };
		A40E924A1716F27500129758 /* BIDSingleComponentPickerViewController.m in Sources */ = {isa = PBXBuildFile; fileRef = A40E92401716F27500129758 /* BIDSingleComponentPickerViewController.m */; };
		A40E924B1716F27500129758 /* BIDSingleComponentPickerViewController.xib in Resources */ = {isa = PBXBuildFile; fileRef = A40E92411716F27500129758 /* BIDSingleComponentPickerViewController.xib */; };
		A40E92521716F2C400129758 /* clockicon.png in Resources */ = {isa = PBXBuildFile; fileRef = A40E924D1716F2C400129758 /* clockicon.png */; };
		A40E92531716F2C400129758 /* dependenticon.png in Resources */ = {isa = PBXBuildFile; fileRef = A40E924E1716F2C400129758 /* dependenticon.png */; };
		A40E92541716F2C400129758 /* doubleicon.png in Resources */ = {isa = PBXBuildFile; fileRef = A40E924F1716F2C400129758 /* doubleicon.png */; };
		A40E92551716F2C400129758 /* singleicon.png in Resources */ = {isa = PBXBuildFile; fileRef = A40E92501716F2C400129758 /* singleicon.png */; };
		A40E92561716F2C400129758 /* toolicon.png in Resources */ = {isa = PBXBuildFile; fileRef = A40E92511716F2C400129758 /* toolicon.png */; };
		A40E92581716F32400129758 /* TabBarController.xib in Resources */ = {isa = PBXBuildFile; fileRef = A40E92571716F32400129758 /* TabBarController.xib */; };
		A49790391719A94B00EEE9C6 /* statedictionary.plist in Resources */ = {isa = PBXBuildFile; fileRef = A49790381719A94B00EEE9C6 /* statedictionary.plist */; };
		A4D1BFD0171A746200BFC259 /* apple.png in Resources */ = {isa = PBXBuildFile; fileRef = A4D1BFCA171A746200BFC259 /* apple.png */; };
		A4D1BFD1171A746200BFC259 /* bar.png in Resources */ = {isa = PBXBuildFile; fileRef = A4D1BFCB171A746200BFC259 /* bar.png */; };
		A4D1BFD2171A746200BFC259 /* cherry.png in Resources */ = {isa = PBXBuildFile; fileRef = A4D1BFCC171A746200BFC259 /* cherry.png */; };
		A4D1BFD3171A746200BFC259 /* crown.png in Resources */ = {isa = PBXBuildFile; fileRef = A4D1BFCD171A746200BFC259 /* crown.png */; };
		A4D1BFD4171A746200BFC259 /* lemon.png in Resources */ = {isa = PBXBuildFile; fileRef = A4D1BFCE171A746200BFC259 /* lemon.png */; };
		A4D1BFD5171A746200BFC259 /* seven.png in Resources */ = {isa = PBXBuildFile; fileRef = A4D1BFCF171A746200BFC259 /* seven.png */; };
		A4D1BFD9171A802200BFC259 /* crunch.wav in Resources */ = {isa = PBXBuildFile; fileRef = A4D1BFD7171A802200BFC259 /* crunch.wav */; };
		A4D1BFDA171A802200BFC259 /* win.wav in Resources */ = {isa = PBXBuildFile; fileRef = A4D1BFD8171A802200BFC259 /* win.wav */; };
		A4D1BFDC171A899500BFC259 /* AudioToolbox.framework in Frameworks */ = {isa = PBXBuildFile; fileRef = A4D1BFDB171A899500BFC259 /* AudioToolbox.framework */; };
/* End PBXBuildFile section */

/* Begin PBXFileReference section */
		A40E92131716F19000129758 /* Pickers.app */ = {isa = PBXFileReference; explicitFileType = wrapper.application; includeInIndex = 0; path = Pickers.app; sourceTree = BUILT_PRODUCTS_DIR; };
		A40E92161716F19000129758 /* UIKit.framework */ = {isa = PBXFileReference; lastKnownFileType = wrapper.framework; name = UIKit.framework; path = System/Library/Frameworks/UIKit.framework; sourceTree = SDKROOT; };
		A40E92181716F19000129758 /* Foundation.framework */ = {isa = PBXFileReference; lastKnownFileType = wrapper.framework; name = Foundation.framework; path = System/Library/Frameworks/Foundation.framework; sourceTree = SDKROOT; };
		A40E921A1716F19000129758 /* CoreGraphics.framework */ = {isa = PBXFileReference; lastKnownFileType = wrapper.framework; name = CoreGraphics.framework; path = System/Library/Frameworks/CoreGraphics.framework; sourceTree = SDKROOT; };
		A40E921E1716F19000129758 /* Pickers-Info.plist */ = {isa = PBXFileReference; lastKnownFileType = text.plist.xml; path = "Pickers-Info.plist"; sourceTree = "<group>"; };
		A40E92201716F19000129758 /* en */ = {isa = PBXFileReference; lastKnownFileType = text.plist.strings; name = en; path = en.lproj/InfoPlist.strings; sourceTree = "<group>"; };
		A40E92221716F19000129758 /* main.m */ = {isa = PBXFileReference; lastKnownFileType = sourcecode.c.objc; path = main.m; sourceTree = "<group>"; };
		A40E92241716F19000129758 /* Pickers-Prefix.pch */ = {isa = PBXFileReference; lastKnownFileType = sourcecode.c.h; path = "Pickers-Prefix.pch"; sourceTree = "<group>"; };
		A40E92251716F19000129758 /* BIDAppDelegate.h */ = {isa = PBXFileReference; lastKnownFileType = sourcecode.c.h; path = BIDAppDelegate.h; sourceTree = "<group>"; };
		A40E92261716F19000129758 /* BIDAppDelegate.m */ = {isa = PBXFileReference; lastKnownFileType = sourcecode.c.objc; path = BIDAppDelegate.m; sourceTree = "<group>"; };
		A40E92281716F19000129758 /* Default.png */ = {isa = PBXFileReference; lastKnownFileType = image.png; path = Default.png; sourceTree = "<group>"; };
		A40E922A1716F19000129758 /* Default@2x.png */ = {isa = PBXFileReference; lastKnownFileType = image.png; path = "Default@2x.png"; sourceTree = "<group>"; };
		A40E922C1716F19100129758 /* Default-568h@2x.png */ = {isa = PBXFileReference; lastKnownFileType = image.png; path = "Default-568h@2x.png"; sourceTree = "<group>"; };
		A40E92331716F27500129758 /* BIDCustomPickerViewController.h */ = {isa = PBXFileReference; fileEncoding = 4; lastKnownFileType = sourcecode.c.h; path = BIDCustomPickerViewController.h; sourceTree = "<group>"; };
		A40E92341716F27500129758 /* BIDCustomPickerViewController.m */ = {isa = PBXFileReference; fileEncoding = 4; lastKnownFileType = sourcecode.c.objc; path = BIDCustomPickerViewController.m; sourceTree = "<group>"; };
		A40E92351716F27500129758 /* BIDCustomPickerViewController.xib */ = {isa = PBXFileReference; fileEncoding = 4; lastKnownFileType = file.xib; path = BIDCustomPickerViewController.xib; sourceTree = "<group>"; };
		A40E92361716F27500129758 /* BIDDatePickerViewController.h */ = {isa = PBXFileReference; fileEncoding = 4; lastKnownFileType = sourcecode.c.h; path = BIDDatePickerViewController.h; sourceTree = "<group>"; };
		A40E92371716F27500129758 /* BIDDatePickerViewController.m */ = {isa = PBXFileReference; fileEncoding = 4; lastKnownFileType = sourcecode.c.objc; path = BIDDatePickerViewController.m; sourceTree = "<group>"; };
		A40E92381716F27500129758 /* BIDDatePickerViewController.xib */ = {isa = PBXFileReference; fileEncoding = 4; lastKnownFileType = file.xib; path = BIDDatePickerViewController.xib; sourceTree = "<group>"; };
		A40E92391716F27500129758 /* BIDDependentComponentPickerViewController.h */ = {isa = PBXFileReference; fileEncoding = 4; lastKnownFileType = sourcecode.c.h; path = BIDDependentComponentPickerViewController.h; sourceTree = "<group>"; };
		A40E923A1716F27500129758 /* BIDDependentComponentPickerViewController.m */ = {isa = PBXFileReference; fileEncoding = 4; lastKnownFileType = sourcecode.c.objc; path = BIDDependentComponentPickerViewController.m; sourceTree = "<group>"; };
		A40E923B1716F27500129758 /* BIDDependentComponentPickerViewController.xib */ = {isa = PBXFileReference; fileEncoding = 4; lastKnownFileType = file.xib; path = BIDDependentComponentPickerViewController.xib; sourceTree = "<group>"; };
		A40E923C1716F27500129758 /* BIDDoubleComponentPickerViewController.h */ = {isa = PBXFileReference; fileEncoding = 4; lastKnownFileType = sourcecode.c.h; path = BIDDoubleComponentPickerViewController.h; sourceTree = "<group>"; };
		A40E923D1716F27500129758 /* BIDDoubleComponentPickerViewController.m */ = {isa = PBXFileReference; fileEncoding = 4; lastKnownFileType = sourcecode.c.objc; path = BIDDoubleComponentPickerViewController.m; sourceTree = "<group>"; };
		A40E923E1716F27500129758 /* BIDDoubleComponentPickerViewController.xib */ = {isa = PBXFileReference; fileEncoding = 4; lastKnownFileType = file.xib; path = BIDDoubleComponentPickerViewController.xib; sourceTree = "<group>"; };
		A40E923F1716F27500129758 /* BIDSingleComponentPickerViewController.h */ = {isa = PBXFileReference; fileEncoding = 4; lastKnownFileType = sourcecode.c.h; path = BIDSingleComponentPickerViewController.h; sourceTree = "<group>"; };
		A40E92401716F27500129758 /* BIDSingleComponentPickerViewController.m */ = {isa = PBXFileReference; fileEncoding = 4; lastKnownFileType = sourcecode.c.objc; path = BIDSingleComponentPickerViewController.m; sourceTree = "<group>"; };
		A40E92411716F27500129758 /* BIDSingleComponentPickerViewController.xib */ = {isa = PBXFileReference; fileEncoding = 4; lastKnownFileType = file.xib; path = BIDSingleComponentPickerViewController.xib; sourceTree = "<group>"; };
		A40E924D1716F2C400129758 /* clockicon.png */ = {isa = PBXFileReference; lastKnownFileType = image.png; path = clockicon.png; sourceTree = "<group>"; };
		A40E924E1716F2C400129758 /* dependenticon.png */ = {isa = PBXFileReference; lastKnownFileType = image.png; path = dependenticon.png; sourceTree = "<group>"; };
		A40E924F1716F2C400129758 /* doubleicon.png */ = {isa = PBXFileReference; lastKnownFileType = image.png; path = doubleicon.png; sourceTree = "<group>"; };
		A40E92501716F2C400129758 /* singleicon.png */ = {isa = PBXFileReference; lastKnownFileType = image.png; path = singleicon.png; sourceTree = "<group>"; };
		A40E92511716F2C400129758 /* toolicon.png */ = {isa = PBXFileReference; lastKnownFileType = image.png; path = toolicon.png; sourceTree = "<group>"; };
		A40E92571716F32400129758 /* TabBarController.xib */ = {isa = PBXFileReference; fileEncoding = 4; lastKnownFileType = file.xib; path = TabBarController.xib; sourceTree = "<group>"; };
		A49790381719A94B00EEE9C6 /* statedictionary.plist */ = {isa = PBXFileReference; fileEncoding = 4; lastKnownFileType = text.plist.xml; path = statedictionary.plist; sourceTree = "<group>"; };
		A4D1BFCA171A746200BFC259 /* apple.png */ = {isa = PBXFileReference; lastKnownFileType = image.png; path = apple.png; sourceTree = "<group>"; };
		A4D1BFCB171A746200BFC259 /* bar.png */ = {isa = PBXFileReference; lastKnownFileType = image.png; path = bar.png; sourceTree = "<group>"; };
		A4D1BFCC171A746200BFC259 /* cherry.png */ = {isa = PBXFileReference; lastKnownFileType = image.png; path = cherry.png; sourceTree = "<group>"; };
		A4D1BFCD171A746200BFC259 /* crown.png */ = {isa = PBXFileReference; lastKnownFileType = image.png; path = crown.png; sourceTree = "<group>"; };
		A4D1BFCE171A746200BFC259 /* lemon.png */ = {isa = PBXFileReference; lastKnownFileType = image.png; path = lemon.png; sourceTree = "<group>"; };
		A4D1BFCF171A746200BFC259 /* seven.png */ = {isa = PBXFileReference; lastKnownFileType = image.png; path = seven.png; sourceTree = "<group>"; };
		A4D1BFD7171A802200BFC259 /* crunch.wav */ = {isa = PBXFileReference; lastKnownFileType = audio.wav; path = crunch.wav; sourceTree = "<group>"; };
		A4D1BFD8171A802200BFC259 /* win.wav */ = {isa = PBXFileReference; lastKnownFileType = audio.wav; path = win.wav; sourceTree = "<group>"; };
		A4D1BFDB171A899500BFC259 /* AudioToolbox.framework */ = {isa = PBXFileReference; lastKnownFileType = wrapper.framework; name = AudioToolbox.framework; path = System/Library/Frameworks/AudioToolbox.framework; sourceTree = SDKROOT; };
/* End PBXFileReference section */

/* Begin PBXFrameworksBuildPhase section */
		A40E92101716F19000129758 /* Frameworks */ = {
			isa = PBXFrameworksBuildPhase;
			buildActionMask = 2147483647;
			files = (
				A4D1BFDC171A899500BFC259 /* AudioToolbox.framework in Frameworks */,
				A40E92171716F19000129758 /* UIKit.framework in Frameworks */,
				A40E92191716F19000129758 /* Foundation.framework in Frameworks */,
				A40E921B1716F19000129758 /* CoreGraphics.framework in Frameworks */,
			);
			runOnlyForDeploymentPostprocessing = 0;
		};
/* End PBXFrameworksBuildPhase section */

/* Begin PBXGroup section */
		A40E920A1716F19000129758 = {
			isa = PBXGroup;
			children = (
				A4D1BFDB171A899500BFC259 /* AudioToolbox.framework */,
				A4D1BFC9171A746200BFC259 /* Custom Picker Images */,
				A49790381719A94B00EEE9C6 /* statedictionary.plist */,
				A40E921C1716F19000129758 /* Pickers */,
				A40E92151716F19000129758 /* Frameworks */,
				A40E92141716F19000129758 /* Products */,
			);
			sourceTree = "<group>";
		};
		A40E92141716F19000129758 /* Products */ = {
			isa = PBXGroup;
			children = (
				A40E92131716F19000129758 /* Pickers.app */,
			);
			name = Products;
			sourceTree = "<group>";
		};
		A40E92151716F19000129758 /* Frameworks */ = {
			isa = PBXGroup;
			children = (
				A40E92161716F19000129758 /* UIKit.framework */,
				A40E92181716F19000129758 /* Foundation.framework */,
				A40E921A1716F19000129758 /* CoreGraphics.framework */,
			);
			name = Frameworks;
			sourceTree = "<group>";
		};
		A40E921C1716F19000129758 /* Pickers */ = {
			isa = PBXGroup;
			children = (
				A4D1BFD6171A802200BFC259 /* Custom Picker Sounds */,
				A40E92251716F19000129758 /* BIDAppDelegate.h */,
				A40E92261716F19000129758 /* BIDAppDelegate.m */,
				A40E92571716F32400129758 /* TabBarController.xib */,
				A40E92331716F27500129758 /* BIDCustomPickerViewController.h */,
				A40E92341716F27500129758 /* BIDCustomPickerViewController.m */,
				A40E92351716F27500129758 /* BIDCustomPickerViewController.xib */,
				A40E92361716F27500129758 /* BIDDatePickerViewController.h */,
				A40E92371716F27500129758 /* BIDDatePickerViewController.m */,
				A40E92381716F27500129758 /* BIDDatePickerViewController.xib */,
				A40E92391716F27500129758 /* BIDDependentComponentPickerViewController.h */,
				A40E923A1716F27500129758 /* BIDDependentComponentPickerViewController.m */,
				A40E923B1716F27500129758 /* BIDDependentComponentPickerViewController.xib */,
				A40E923C1716F27500129758 /* BIDDoubleComponentPickerViewController.h */,
				A40E923D1716F27500129758 /* BIDDoubleComponentPickerViewController.m */,
				A40E923E1716F27500129758 /* BIDDoubleComponentPickerViewController.xib */,
				A40E923F1716F27500129758 /* BIDSingleComponentPickerViewController.h */,
				A40E92401716F27500129758 /* BIDSingleComponentPickerViewController.m */,
				A40E92411716F27500129758 /* BIDSingleComponentPickerViewController.xib */,
				A40E924C1716F2C400129758 /* Tab Bar Icons */,
				A40E921D1716F19000129758 /* Supporting Files */,
			);
			path = Pickers;
			sourceTree = "<group>";
		};
		A40E921D1716F19000129758 /* Supporting Files */ = {
			isa = PBXGroup;
			children = (
				A40E921E1716F19000129758 /* Pickers-Info.plist */,
				A40E921F1716F19000129758 /* InfoPlist.strings */,
				A40E92221716F19000129758 /* main.m */,
				A40E92241716F19000129758 /* Pickers-Prefix.pch */,
				A40E92281716F19000129758 /* Default.png */,
				A40E922A1716F19000129758 /* Default@2x.png */,
				A40E922C1716F19100129758 /* Default-568h@2x.png */,
			);
			name = "Supporting Files";
			sourceTree = "<group>";
		};
		A40E924C1716F2C400129758 /* Tab Bar Icons */ = {
			isa = PBXGroup;
			children = (
				A40E924D1716F2C400129758 /* clockicon.png */,
				A40E924E1716F2C400129758 /* dependenticon.png */,
				A40E924F1716F2C400129758 /* doubleicon.png */,
				A40E92501716F2C400129758 /* singleicon.png */,
				A40E92511716F2C400129758 /* toolicon.png */,
			);
			path = "Tab Bar Icons";
			sourceTree = "<group>";
		};
		A4D1BFC9171A746200BFC259 /* Custom Picker Images */ = {
			isa = PBXGroup;
			children = (
				A4D1BFCA171A746200BFC259 /* apple.png */,
				A4D1BFCB171A746200BFC259 /* bar.png */,
				A4D1BFCC171A746200BFC259 /* cherry.png */,
				A4D1BFCD171A746200BFC259 /* crown.png */,
				A4D1BFCE171A746200BFC259 /* lemon.png */,
				A4D1BFCF171A746200BFC259 /* seven.png */,
			);
			path = "Custom Picker Images";
			sourceTree = "<group>";
		};
		A4D1BFD6171A802200BFC259 /* Custom Picker Sounds */ = {
			isa = PBXGroup;
			children = (
				A4D1BFD7171A802200BFC259 /* crunch.wav */,
				A4D1BFD8171A802200BFC259 /* win.wav */,
			);
			path = "Custom Picker Sounds";
			sourceTree = "<group>";
		};
/* End PBXGroup section */

/* Begin PBXNativeTarget section */
		A40E92121716F19000129758 /* Pickers */ = {
			isa = PBXNativeTarget;
			buildConfigurationList = A40E92301716F19100129758 /* Build configuration list for PBXNativeTarget "Pickers" */;
			buildPhases = (
				A40E920F1716F19000129758 /* Sources */,
				A40E92101716F19000129758 /* Frameworks */,
				A40E92111716F19000129758 /* Resources */,
			);
			buildRules = (
			);
			dependencies = (
			);
			name = Pickers;
			productName = Pickers;
			productReference = A40E92131716F19000129758 /* Pickers.app */;
			productType = "com.apple.product-type.application";
		};
/* End PBXNativeTarget section */

/* Begin PBXProject section */
		A40E920B1716F19000129758 /* Project object */ = {
			isa = PBXProject;
			attributes = {
				CLASSPREFIX = BID;
				LastUpgradeCheck = 0460;
				ORGANIZATIONNAME = "李潇磊";
			};
			buildConfigurationList = A40E920E1716F19000129758 /* Build configuration list for PBXProject "Pickers" */;
			compatibilityVersion = "Xcode 3.2";
			developmentRegion = English;
			hasScannedForEncodings = 0;
			knownRegions = (
				en,
			);
			mainGroup = A40E920A1716F19000129758;
			productRefGroup = A40E92141716F19000129758 /* Products */;
			projectDirPath = "";
			projectRoot = "";
			targets = (
				A40E92121716F19000129758 /* Pickers */,
			);
		};
/* End PBXProject section */

/* Begin PBXResourcesBuildPhase section */
		A40E92111716F19000129758 /* Resources */ = {
			isa = PBXResourcesBuildPhase;
			buildActionMask = 2147483647;
			files = (
				A40E92211716F19000129758 /* InfoPlist.strings in Resources */,
				A40E92291716F19000129758 /* Default.png in Resources */,
				A40E922B1716F19000129758 /* Default@2x.png in Resources */,
				A40E922D1716F19100129758 /* Default-568h@2x.png in Resources */,
				A40E92431716F27500129758 /* BIDCustomPickerViewController.xib in Resources */,
				A40E92451716F27500129758 /* BIDDatePickerViewController.xib in Resources */,
				A40E92471716F27500129758 /* BIDDependentComponentPickerViewController.xib in Resources */,
				A40E92491716F27500129758 /* BIDDoubleComponentPickerViewController.xib in Resources */,
				A40E924B1716F27500129758 /* BIDSingleComponentPickerViewController.xib in Resources */,
				A40E92521716F2C400129758 /* clockicon.png in Resources */,
				A40E92531716F2C400129758 /* dependenticon.png in Resources */,
				A40E92541716F2C400129758 /* doubleicon.png in Resources */,
				A40E92551716F2C400129758 /* singleicon.png in Resources */,
				A40E92561716F2C400129758 /* toolicon.png in Resources */,
				A40E92581716F32400129758 /* TabBarController.xib in Resources */,
				A49790391719A94B00EEE9C6 /* statedictionary.plist in Resources */,
				A4D1BFD0171A746200BFC259 /* apple.png in Resources */,
				A4D1BFD1171A746200BFC259 /* bar.png in Resources */,
				A4D1BFD2171A746200BFC259 /* cherry.png in Resources */,
				A4D1BFD3171A746200BFC259 /* crown.png in Resources */,
				A4D1BFD4171A746200BFC259 /* lemon.png in Resources */,
				A4D1BFD5171A746200BFC259 /* seven.png in Resources */,
				A4D1BFD9171A802200BFC259 /* crunch.wav in Resources */,
				A4D1BFDA171A802200BFC259 /* win.wav in Resources */,
			);
			runOnlyForDeploymentPostprocessing = 0;
		};
/* End PBXResourcesBuildPhase section */

/* Begin PBXSourcesBuildPhase section */
		A40E920F1716F19000129758 /* Sources */ = {
			isa = PBXSourcesBuildPhase;
			buildActionMask = 2147483647;
			files = (
				A40E92231716F19000129758 /* main.m in Sources */,
				A40E92271716F19000129758 /* BIDAppDelegate.m in Sources */,
				A40E92421716F27500129758 /* BIDCustomPickerViewController.m in Sources */,
				A40E92441716F27500129758 /* BIDDatePickerViewController.m in Sources */,
				A40E92461716F27500129758 /* BIDDependentComponentPickerViewController.m in Sources */,
				A40E92481716F27500129758 /* BIDDoubleComponentPickerViewController.m in Sources */,
				A40E924A1716F27500129758 /* BIDSingleComponentPickerViewController.m in Sources */,
			);
			runOnlyForDeploymentPostprocessing = 0;
		};
/* End PBXSourcesBuildPhase section */

/* Begin PBXVariantGroup section */
		A40E921F1716F19000129758 /* InfoPlist.strings */ = {
			isa = PBXVariantGroup;
			children = (
				A40E92201716F19000129758 /* en */,
			);
			name = InfoPlist.strings;
			sourceTree = "<group>";
		};
/* End PBXVariantGroup section */

/* Begin XCBuildConfiguration section */
		A40E922E1716F19100129758 /* Debug */ = {
			isa = XCBuildConfiguration;
			buildSettings = {
				ALWAYS_SEARCH_USER_PATHS = NO;
				CLANG_CXX_LANGUAGE_STANDARD = "gnu++0x";
				CLANG_CXX_LIBRARY = "libc++";
				CLANG_ENABLE_OBJC_ARC = YES;
				CLANG_WARN_CONSTANT_CONVERSION = YES;
				CLANG_WARN_EMPTY_BODY = YES;
				CLANG_WARN_ENUM_CONVERSION = YES;
				CLANG_WARN_INT_CONVERSION = YES;
				CLANG_WARN__DUPLICATE_METHOD_MATCH = YES;
				"CODE_SIGN_IDENTITY[sdk=iphoneos*]" = "iPhone Developer";
				COPY_PHASE_STRIP = NO;
				GCC_C_LANGUAGE_STANDARD = gnu99;
				GCC_DYNAMIC_NO_PIC = NO;
				GCC_OPTIMIZATION_LEVEL = 0;
				GCC_PREPROCESSOR_DEFINITIONS = (
					"DEBUG=1",
					"$(inherited)",
				);
				GCC_SYMBOLS_PRIVATE_EXTERN = NO;
				GCC_WARN_ABOUT_RETURN_TYPE = YES;
				GCC_WARN_UNINITIALIZED_AUTOS = YES;
				GCC_WARN_UNUSED_VARIABLE = YES;
				IPHONEOS_DEPLOYMENT_TARGET = 6.1;
				ONLY_ACTIVE_ARCH = YES;
				SDKROOT = iphoneos;
			};
			name = Debug;
		};
		A40E922F1716F19100129758 /* Release */ = {
			isa = XCBuildConfiguration;
			buildSettings = {
				ALWAYS_SEARCH_USER_PATHS = NO;
				CLANG_CXX_LANGUAGE_STANDARD = "gnu++0x";
				CLANG_CXX_LIBRARY = "libc++";
				CLANG_ENABLE_OBJC_ARC = YES;
				CLANG_WARN_CONSTANT_CONVERSION = YES;
				CLANG_WARN_EMPTY_BODY = YES;
				CLANG_WARN_ENUM_CONVERSION = YES;
				CLANG_WARN_INT_CONVERSION = YES;
				CLANG_WARN__DUPLICATE_METHOD_MATCH = YES;
				"CODE_SIGN_IDENTITY[sdk=iphoneos*]" = "iPhone Developer";
				COPY_PHASE_STRIP = YES;
				GCC_C_LANGUAGE_STANDARD = gnu99;
				GCC_WARN_ABOUT_RETURN_TYPE = YES;
				GCC_WARN_UNINITIALIZED_AUTOS = YES;
				GCC_WARN_UNUSED_VARIABLE = YES;
				IPHONEOS_DEPLOYMENT_TARGET = 6.1;
				OTHER_CFLAGS = "-DNS_BLOCK_ASSERTIONS=1";
				SDKROOT = iphoneos;
				VALIDATE_PRODUCT = YES;
			};
			name = Release;
		};
		A40E92311716F19100129758 /* Debug */ = {
			isa = XCBuildConfiguration;
			buildSettings = {
				GCC_PRECOMPILE_PREFIX_HEADER = YES;
				GCC_PREFIX_HEADER = "Pickers/Pickers-Prefix.pch";
				INFOPLIST_FILE = "Pickers/Pickers-Info.plist";
				PRODUCT_NAME = "$(TARGET_NAME)";
				WRAPPER_EXTENSION = app;
			};
			name = Debug;
		};
		A40E92321716F19100129758 /* Release */ = {
			isa = XCBuildConfiguration;
			buildSettings = {
				GCC_PRECOMPILE_PREFIX_HEADER = YES;
				GCC_PREFIX_HEADER = "Pickers/Pickers-Prefix.pch";
				INFOPLIST_FILE = "Pickers/Pickers-Info.plist";
				PRODUCT_NAME = "$(TARGET_NAME)";
				WRAPPER_EXTENSION = app;
			};
			name = Release;
		};
/* End XCBuildConfiguration section */

/* Begin XCConfigurationList section */
		A40E920E1716F19000129758 /* Build configuration list for PBXProject "Pickers" */ = {
			isa = XCConfigurationList;
			buildConfigurations = (
				A40E922E1716F19100129758 /* Debug */,
				A40E922F1716F19100129758 /* Release */,
			);
			defaultConfigurationIsVisible = 0;
			defaultConfigurationName = Release;
		};
		A40E92301716F19100129758 /* Build configuration list for PBXNativeTarget "Pickers" */ = {
			isa = XCConfigurationList;
			buildConfigurations = (
				A40E92311716F19100129758 /* Debug */,
				A40E92321716F19100129758 /* Release */,
			);
			defaultConfigurationIsVisible = 0;
			defaultConfigurationName = Release;
		};
/* End XCConfigurationList section */
	};
	rootObject = A40E920B1716F19000129758 /* Project object */;
}
